lockfileVersion: '9.0'

settings:
  autoInstallPeers: true
  excludeLinksFromLockfile: false

importers:

  .:
    dependencies:
      xlsx:
        specifier: https://cdn.sheetjs.com/xlsx-0.20.3/xlsx-0.20.3.tgz
        version: https://cdn.sheetjs.com/xlsx-0.20.3/xlsx-0.20.3.tgz

  frontend:
    dependencies:
      '@hookform/resolvers':
        specifier: 5.0.1
        version: 5.0.1(react-hook-form@7.56.2(react@19.0.0))
      '@phosphor-icons/react':
        specifier: ^2.1.10
        version: 2.1.10(react-dom@19.0.0(react@19.0.0))(react@19.0.0)
      '@radix-ui/react-accordion':
        specifier: 1.2.8
        version: 1.2.8(react-dom@19.0.0(react@19.0.0))(react@19.0.0)
      '@radix-ui/react-alert-dialog':
        specifier: 1.1.11
        version: 1.1.11(react-dom@19.0.0(react@19.0.0))(react@19.0.0)
      '@radix-ui/react-aspect-ratio':
        specifier: 1.1.4
        version: 1.1.4(react-dom@19.0.0(react@19.0.0))(react@19.0.0)
      '@radix-ui/react-avatar':
        specifier: 1.1.7
        version: 1.1.7(react-dom@19.0.0(react@19.0.0))(react@19.0.0)
      '@radix-ui/react-checkbox':
        specifier: 1.2.3
        version: 1.2.3(react-dom@19.0.0(react@19.0.0))(react@19.0.0)
      '@radix-ui/react-collapsible':
        specifier: 1.1.8
        version: 1.1.8(react-dom@19.0.0(react@19.0.0))(react@19.0.0)
      '@radix-ui/react-context-menu':
        specifier: 2.2.12
        version: 2.2.12(react-dom@19.0.0(react@19.0.0))(react@19.0.0)
      '@radix-ui/react-dialog':
        specifier: 1.1.11
        version: 1.1.11(react-dom@19.0.0(react@19.0.0))(react@19.0.0)
      '@radix-ui/react-dropdown-menu':
        specifier: 2.1.12
        version: 2.1.12(react-dom@19.0.0(react@19.0.0))(react@19.0.0)
      '@radix-ui/react-hover-card':
        specifier: 1.1.11
        version: 1.1.11(react-dom@19.0.0(react@19.0.0))(react@19.0.0)
      '@radix-ui/react-label':
        specifier: 2.1.4
        version: 2.1.4(react-dom@19.0.0(react@19.0.0))(react@19.0.0)
      '@radix-ui/react-menubar':
        specifier: 1.1.12
        version: 1.1.12(react-dom@19.0.0(react@19.0.0))(react@19.0.0)
      '@radix-ui/react-navigation-menu':
        specifier: 1.2.10
        version: 1.2.10(react-dom@19.0.0(react@19.0.0))(react@19.0.0)
      '@radix-ui/react-popover':
        specifier: 1.1.11
        version: 1.1.11(react-dom@19.0.0(react@19.0.0))(react@19.0.0)
      '@radix-ui/react-progress':
        specifier: 1.1.4
        version: 1.1.4(react-dom@19.0.0(react@19.0.0))(react@19.0.0)
      '@radix-ui/react-radio-group':
        specifier: 1.3.4
        version: 1.3.4(react-dom@19.0.0(react@19.0.0))(react@19.0.0)
      '@radix-ui/react-scroll-area':
        specifier: 1.2.6
        version: 1.2.6(react-dom@19.0.0(react@19.0.0))(react@19.0.0)
      '@radix-ui/react-select':
        specifier: 2.2.2
        version: 2.2.2(react-dom@19.0.0(react@19.0.0))(react@19.0.0)
      '@radix-ui/react-separator':
        specifier: 1.1.4
        version: 1.1.4(react-dom@19.0.0(react@19.0.0))(react@19.0.0)
      '@radix-ui/react-slider':
        specifier: 1.3.2
        version: 1.3.2(react-dom@19.0.0(react@19.0.0))(react@19.0.0)
      '@radix-ui/react-slot':
        specifier: 1.2.0
        version: 1.2.0(react@19.0.0)
      '@radix-ui/react-switch':
        specifier: 1.2.2
        version: 1.2.2(react-dom@19.0.0(react@19.0.0))(react@19.0.0)
      '@radix-ui/react-tabs':
        specifier: 1.1.9
        version: 1.1.9(react-dom@19.0.0(react@19.0.0))(react@19.0.0)
      '@radix-ui/react-toast':
        specifier: 1.2.11
        version: 1.2.11(react-dom@19.0.0(react@19.0.0))(react@19.0.0)
      '@radix-ui/react-toggle':
        specifier: 1.1.6
        version: 1.1.6(react-dom@19.0.0(react@19.0.0))(react@19.0.0)
      '@radix-ui/react-toggle-group':
        specifier: 1.1.7
        version: 1.1.7(react-dom@19.0.0(react@19.0.0))(react@19.0.0)
      '@radix-ui/react-tooltip':
        specifier: 1.2.4
        version: 1.2.4(react-dom@19.0.0(react@19.0.0))(react@19.0.0)
      '@tanstack/react-query':
        specifier: 5.56.2
        version: 5.56.2(react@19.0.0)
      axios:
        specifier: 1.18.0
        version: 1.18.0
      class-variance-authority:
        specifier: 0.7.1
        version: 0.7.1
      clsx:
        specifier: 2.1.1
        version: 2.1.1
      cmdk:
        specifier: 1.1.1
        version: 1.1.1(react-dom@19.0.0(react@19.0.0))(react@19.0.0)
      date-fns:
        specifier: 4.1.0
        version: 4.1.0
      dayjs:
        specifier: 1.11.13
        version: 1.11.13
      embla-carousel-react:
        specifier: 8.6.0
        version: 8.6.0(react@19.0.0)
      framer-motion:
        specifier: 11.18.0
        version: 11.18.0(react-dom@19.0.0(react@19.0.0))(react@19.0.0)
      input-otp:
        specifier: 1.4.2
        version: 1.4.2(react-dom@19.0.0(react@19.0.0))(react@19.0.0)
      jspdf:
        specifier: ^4.2.1
        version: 4.2.1
      jspdf-autotable:
        specifier: ^5.0.8
        version: 5.0.8(jspdf@4.2.1)
      lodash:
        specifier: 4.18.1
        version: 4.18.1
      lucide-react:
        specifier: 0.516.0
        version: 0.516.0(react@19.0.0)
      next-themes:
        specifier: 0.4.6
        version: 0.4.6(react-dom@19.0.0(react@19.0.0))(react@19.0.0)
      react:
        specifier: 19.0.0
        version: 19.0.0
      react-day-picker:
        specifier: 8.10.1
        version: 8.10.1(date-fns@4.1.0)(react@19.0.0)
      react-dom:
        specifier: 19.0.0
        version: 19.0.0(react@19.0.0)
      react-hook-form:
        specifier: 7.56.2
        version: 7.56.2(react@19.0.0)
      react-resizable-panels:
        specifier: 3.0.1
        version: 3.0.1(react-dom@19.0.0(react@19.0.0))(react@19.0.0)
      react-router-dom:
        specifier: 7.15.0
        version: 7.15.0(react-dom@19.0.0(react@19.0.0))(react@19.0.0)
      recharts:
        specifier: 3.6.0
        version: 3.6.0(react-dom@19.0.0(react@19.0.0))(react-is@16.13.1)(react@19.0.0)(redux@5.0.1)
      sonner:
        specifier: 2.0.3
        version: 2.0.3(react-dom@19.0.0(react@19.0.0))(react@19.0.0)
      swr:
        specifier: 2.3.8
        version: 2.3.8(react@19.0.0)
      tailwind-merge:
        specifier: 3.2.0
        version: 3.2.0
      tailwindcss-animate:
        specifier: 1.0.7
        version: 1.0.7(tailwindcss@3.4.17)
      vaul:
        specifier: 1.1.2
        version: 1.1.2(react-dom@19.0.0(react@19.0.0))(react@19.0.0)
      zod:
        specifier: 3.24.4
        version: 3.24.4
    devDependencies:
      '@eslint/js':
        specifier: 9.23.0
        version: 9.23.0
      '@types/lodash':
        specifier: 4.17.24
        version: 4.17.24
      '@vitejs/plugin-react':
        specifier: ^6.1.1
        version: 6.1.1(vite@8.3.0(jiti@1.21.7)(yaml@2.9.1))
      autoprefixer:
        specifier: 10.4.20
        version: 10.4.20(postcss@8.5.10)
      eslint:
        specifier: 9.23.0
        version: 9.23.0(jiti@1.21.7)
      eslint-plugin-import:
        specifier: 2.31.0
        version: 2.31.0(eslint@9.23.0(jiti@1.21.7))
      eslint-plugin-jsx-a11y:
        specifier: 6.10.2
        version: 6.10.2(eslint@9.23.0(jiti@1.21.7))
      eslint-plugin-react:
        specifier: 7.37.4
        version: 7.37.4(eslint@9.23.0(jiti@1.21.7))
      eslint-plugin-react-hooks:
        specifier: 5.2.0
        version: 5.2.0(eslint@9.23.0(jiti@1.21.7))
      globals:
        specifier: 15.15.0
        version: 15.15.0
      postcss:
        specifier: 8.5.10
        version: 8.5.10
      tailwindcss:
        specifier: 3.4.17
        version: 3.4.17
      vite:
        specifier: ^8.3.0
        version: 8.3.0(jiti@1.21.7)(yaml@2.9.1)

packages:

  xlsx@https://cdn.sheetjs.com/xlsx-0.20.3/xlsx-0.20.3.tgz:
    resolution: {integrity: sha512-oLDq3jw7AcLqKWH2AhCpVTZl8mf6X2YReP+Neh0SJUzV/BdZYjth94tG5toiMB1PPrYtxOCfaoUCkvtuH+3AJA==, tarball: https://cdn.sheetjs.com/xlsx-0.20.3/xlsx-0.20.3.tgz}
    version: 0.20.3
    engines: {node: '>=0.8'}
    hasBin: true

snapshots:

  xlsx@https://cdn.sheetjs.com/xlsx-0.20.3/xlsx-0.20.3.tgz: {}
